version = 1
requires-python = ">=3.12"

[[package]]
name = "aws-sagemaker-hf-model-deployment"
version = "0.1.0"
source = { virtual = "." }
dependencies = [
    { name = "boto3" },
]

[package.dev-dependencies]
dev = [
    { name = "boto3-stubs" },
]

[package.metadata]
requires-dist = [{ name = "boto3", specifier = ">=1.35.97" }]

[package.metadata.requires-dev]
dev = [{ name = "boto3-stubs", specifier = ">=1.36.1" }]

[[package]]
name = "boto3"
version = "1.36.1"
source = { registry = "https://pypi.org/simple" }
dependencies = [
    { name = "botocore" },
    { name = "jmespath" },
    { name = "s3transfer" },
]
sdist = { url = "https://files.pythonhosted.org/packages/bf/04/0c6cea060653eee75f4348152dfc0aa0b241f7d1f99a530079ee44d61e4b/boto3-1.36.1.tar.gz", hash = "sha256:258ab77225a81d3cf3029c9afe9920cd9dec317689dfadec6f6f0a23130bb60a", size = 110959 }
wheels = [
    { url = "https://files.pythonhosted.org/packages/2b/ed/464e1df3901fbfedd5a0786e551240216f0c867440fa6156595178227b3f/boto3-1.36.1-py3-none-any.whl", hash = "sha256:eb21380d73fec6645439c0d802210f72a0cdb3295b02953f246ff53f512faa8f", size = 139163 },
]

[[package]]
name = "boto3-stubs"
version = "1.36.1"
source = { registry = "https://pypi.org/simple" }
dependencies = [
    { name = "botocore-stubs" },
    { name = "types-s3transfer" },
]
sdist = { url = "https://files.pythonhosted.org/packages/25/0d/1f85e86a56e817c5bd09d519392ee4303fa747101006bbda941edadf37d2/boto3_stubs-1.36.1.tar.gz", hash = "sha256:d7cbf8aab4eacf0988a879243bbb5cd3139f08f83e82c9556c3412d71373840f", size = 98577 }
wheels = [
    { url = "https://files.pythonhosted.org/packages/f2/d7/d21eeab1f4605fc6b5481290f21066288b4506bb8bd9ed6be4b4224dcf28/boto3_stubs-1.36.1-py3-none-any.whl", hash = "sha256:ddc44b30598067a6c20bd8df4e72cf4155be8dc29fb2cd3e7ed26149cf7dd69a", size = 68236 },
]

[[package]]
name = "botocore"
version = "1.36.1"
source = { registry = "https://pypi.org/simple" }
dependencies = [
    { name = "jmespath" },
    { name = "python-dateutil" },
    { name = "urllib3" },
]
sdist = { url = "https://files.pythonhosted.org/packages/39/aa/556720b3ee9629b7c4366b5a0d9797a84e83a97f78435904cbb9bdc41939/botocore-1.36.1.tar.gz", hash = "sha256:f789a6f272b5b3d8f8756495019785e33868e5e00dd9662a3ee7959ac939bb12", size = 13498150 }
wheels = [
    { url = "https://files.pythonhosted.org/packages/be/bb/5431f12e2dadd881fd023fb57e7e3ab82f7b697c38dc837fc8d70cca51bd/botocore-1.36.1-py3-none-any.whl", hash = "sha256:dec513b4eb8a847d79bbefdcdd07040ed9d44c20b0001136f0890a03d595705a", size = 13297686 },
]

[[package]]
name = "botocore-stubs"
version = "1.36.1"
source = { registry = "https://pypi.org/simple" }
dependencies = [
    { name = "types-awscrt" },
]
sdist = { url = "https://files.pythonhosted.org/packages/8c/c4/b204239adee30a72ed1ee7a4b7cd13678313d01723f6ba077b59968e68b6/botocore_stubs-1.36.1.tar.gz", hash = "sha256:ff39ddb117fc55e430669744869e6ca737d27338e9c723dced60555bc3866cfa", size = 41173 }
wheels = [
    { url = "https://files.pythonhosted.org/packages/bf/61/6121658f4f498a75ece8cf4136c2908c3f538a651cee5aaf607628b9fa5b/botocore_stubs-1.36.1-py3-none-any.whl", hash = "sha256:7240572081e6be68c09731b63431f5aed51e1d865d83393281660a97179575cf", size = 64004 },
]

[[package]]
name = "jmespath"
version = "1.0.1"
source = { registry = "https://pypi.org/simple" }
sdist = { url = "https://files.pythonhosted.org/packages/00/2a/e867e8531cf3e36b41201936b7fa7ba7b5702dbef42922193f05c8976cd6/jmespath-1.0.1.tar.gz", hash = "sha256:90261b206d6defd58fdd5e85f478bf633a2901798906be2ad389150c5c60edbe", size = 25843 }
wheels = [
    { url = "https://files.pythonhosted.org/packages/31/b4/b9b800c45527aadd64d5b442f9b932b00648617eb5d63d2c7a6587b7cafc/jmespath-1.0.1-py3-none-any.whl", hash = "sha256:02e2e4cc71b5bcab88332eebf907519190dd9e6e82107fa7f83b1003a6252980", size = 20256 },
]

[[package]]
name = "python-dateutil"
version = "2.9.0.post0"
source = { registry = "https://pypi.org/simple" }
dependencies = [
    { name = "six" },
]
sdist = { url = "https://files.pythonhosted.org/packages/66/c0/0c8b6ad9f17a802ee498c46e004a0eb49bc148f2fd230864601a86dcf6db/python-dateutil-2.9.0.post0.tar.gz", hash = "sha256:37dd54208da7e1cd875388217d5e00ebd4179249f90fb72437e91a35459a0ad3", size = 342432 }
wheels = [
    { url = "https://files.pythonhosted.org/packages/ec/57/56b9bcc3c9c6a792fcbaf139543cee77261f3651ca9da0c93f5c1221264b/python_dateutil-2.9.0.post0-py2.py3-none-any.whl", hash = "sha256:a8b2bc7bffae282281c8140a97d3aa9c14da0b136dfe83f850eea9a5f7470427", size = 229892 },
]

[[package]]
name = "s3transfer"
version = "0.11.1"
source = { registry = "https://pypi.org/simple" }
dependencies = [
    { name = "botocore" },
]
sdist = { url = "https://files.pythonhosted.org/packages/1a/aa/fdd958c626b00e3f046d4004363e7f1a2aba4354f78d65ceb3b217fa5eb8/s3transfer-0.11.1.tar.gz", hash = "sha256:3f25c900a367c8b7f7d8f9c34edc87e300bde424f779dc9f0a8ae4f9df9264f6", size = 146952 }
wheels = [
    { url = "https://files.pythonhosted.org/packages/5f/ce/22673f4a85ccc640735b4f8d12178a0f41b5d3c6eda7f33756d10ce56901/s3transfer-0.11.1-py3-none-any.whl", hash = "sha256:8fa0aa48177be1f3425176dfe1ab85dcd3d962df603c3dbfc585e6bf857ef0ff", size = 84111 },
]

[[package]]
name = "six"
version = "1.17.0"
source = { registry = "https://pypi.org/simple" }
sdist = { url = "https://files.pythonhosted.org/packages/94/e7/b2c673351809dca68a0e064b6af791aa332cf192da575fd474ed7d6f16a2/six-1.17.0.tar.gz", hash = "sha256:ff70335d468e7eb6ec65b95b99d3a2836546063f63acc5171de367e834932a81", size = 34031 }
wheels = [
    { url = "https://files.pythonhosted.org/packages/b7/ce/149a00dd41f10bc29e5921b496af8b574d8413afcd5e30dfa0ed46c2cc5e/six-1.17.0-py2.py3-none-any.whl", hash = "sha256:4721f391ed90541fddacab5acf947aa0d3dc7d27b2e1e8eda2be8970586c3274", size = 11050 },
]

[[package]]
name = "types-awscrt"
version = "0.23.6"
source = { registry = "https://pypi.org/simple" }
sdist = { url = "https://files.pythonhosted.org/packages/dd/97/c62253e8ed65562c67b2138339444cc77507c8ee01c091e02ead1311e4b8/types_awscrt-0.23.6.tar.gz", hash = "sha256:405bce8c281f9e7c6c92a229225cc0bf10d30729a6a601123213389bd524b8b1", size = 15124 }
wheels = [
    { url = "https://files.pythonhosted.org/packages/21/f1/0f0869d35c1b746df98d60016f898eb49db208747a4ed2de81b58f48ecd8/types_awscrt-0.23.6-py3-none-any.whl", hash = "sha256:fbf9c221af5607b24bf17f8431217ce8b9a27917139edbc984891eb63fd5a593", size = 19025 },
]

[[package]]
name = "types-s3transfer"
version = "0.11.1"
source = { registry = "https://pypi.org/simple" }
sdist = { url = "https://files.pythonhosted.org/packages/f0/01/0169c095070a8cb97baf075246b8804390082ee189d344a6767eb89849cd/types_s3transfer-0.11.1.tar.gz", hash = "sha256:6ab89d4d76bcbf6d494582949963b4672347e8daa397d9790f3684b4fcf873c4", size = 14055 }
wheels = [
    { url = "https://files.pythonhosted.org/packages/0c/87/2452812a3d57a13af13a23239da6c781a079e508bc70a44df576ce76b7c1/types_s3transfer-0.11.1-py3-none-any.whl", hash = "sha256:ddb20d103361c2d7cf95e9e73468cdd12f049f503b1512e6fdfe5a66fa086d2d", size = 19487 },
]

[[package]]
name = "urllib3"
version = "2.3.0"
source = { registry = "https://pypi.org/simple" }
sdist = { url = "https://files.pythonhosted.org/packages/aa/63/e53da845320b757bf29ef6a9062f5c669fe997973f966045cb019c3f4b66/urllib3-2.3.0.tar.gz", hash = "sha256:f8c5449b3cf0861679ce7e0503c7b44b5ec981bec0d1d3795a07f1ba96f0204d", size = 307268 }
wheels = [
    { url = "https://files.pythonhosted.org/packages/c8/19/4ec628951a74043532ca2cf5d97b7b14863931476d117c471e8e2b1eb39f/urllib3-2.3.0-py3-none-any.whl", hash = "sha256:1cee9ad369867bfdbbb48b7dd50374c0967a0bb7710050facf0dd6911440e3df", size = 128369 },
]
